
Microsoft Visual Studio Solution File, Format Version 12.00
# Visual Studio Version 16
VisualStudioVersion = 16.0.30204.135
MinimumVisualStudioVersion = 10.0.40219.1
Project("{9A19103F-16F7-4668-BE54-9A1E7A4F7556}") = "RabbitServer", "RabbitServer\RabbitServer.csproj", "{B63A4C39-81E9-4820-A273-8E5321C0BBC2}"
EndProject
Project("{9A19103F-16F7-4668-BE54-9A1E7A4F7556}") = "RabbitContracts", "RabbitContracts\RabbitContracts.csproj", "{21712DB0-169B-4A9A-B9C3-59E3254EED79}"
EndProject
Project("{9A19103F-16F7-4668-BE54-9A1E7A4F7556}") = "RabbitClient", "RabbitClient\RabbitClient.csproj", "{B202DF44-4D41-4216-A72A-3CD4E24054DB}"
EndProject
Project("{FAE04EC0-301F-11D3-BF4B-00C04F79EFBC}") = "SecondClient", "SecondClient\SecondClient.csproj", "{0E570E7D-6F9B-44DF-9862-1EBB40ACE0C8}"
EndProject
Global
	GlobalSection(SolutionConfigurationPlatforms) = preSolution
		Debug|Any CPU = Debug|Any CPU
		Release|Any CPU = Release|Any CPU
	EndGlobalSection
	GlobalSection(ProjectConfigurationPlatforms) = postSolution
		{B63A4C39-81E9-4820-A273-8E5321C0BBC2}.Debug|Any CPU.ActiveCfg = Debug|Any CPU
		{B63A4C39-81E9-4820-A273-8E5321C0BBC2}.Debug|Any CPU.Build.0 = Debug|Any CPU
		{B63A4C39-81E9-4820-A273-8E5321C0BBC2}.Release|Any CPU.ActiveCfg = Release|Any CPU
		{B63A4C39-81E9-4820-A273-8E5321C0BBC2}.Release|Any CPU.Build.0 = Release|Any CPU
		{21712DB0-169B-4A9A-B9C3-59E3254EED79}.Debug|Any CPU.ActiveCfg = Debug|Any CPU
		{21712DB0-169B-4A9A-B9C3-59E3254EED79}.Debug|Any CPU.Build.0 = Debug|Any CPU
		{21712DB0-169B-4A9A-B9C3-59E3254EED79}.Release|Any CPU.ActiveCfg = Release|Any CPU
		{21712DB0-169B-4A9A-B9C3-59E3254EED79}.Release|Any CPU.Build.0 = Release|Any CPU
		{B202DF44-4D41-4216-A72A-3CD4E24054DB}.Debug|Any CPU.ActiveCfg = Debug|Any CPU
		{B202DF44-4D41-4216-A72A-3CD4E24054DB}.Debug|Any CPU.Build.0 = Debug|Any CPU
		{B202DF44-4D41-4216-A72A-3CD4E24054DB}.Release|Any CPU.ActiveCfg = Release|Any CPU
		{B202DF44-4D41-4216-A72A-3CD4E24054DB}.Release|Any CPU.Build.0 = Release|Any CPU
		{0E570E7D-6F9B-44DF-9862-1EBB40ACE0C8}.Debug|Any CPU.ActiveCfg = Debug|Any CPU
		{0E570E7D-6F9B-44DF-9862-1EBB40ACE0C8}.Debug|Any CPU.Build.0 = Debug|Any CPU
		{0E570E7D-6F9B-44DF-9862-1EBB40ACE0C8}.Release|Any CPU.ActiveCfg = Release|Any CPU
		{0E570E7D-6F9B-44DF-9862-1EBB40ACE0C8}.Release|Any CPU.Build.0 = Release|Any CPU
	EndGlobalSection
	GlobalSection(SolutionProperties) = preSolution
		HideSolutionNode = FALSE
	EndGlobalSection
	GlobalSection(ExtensibilityGlobals) = postSolution
		SolutionGuid = {26FBF507-69DC-4420-A119-E472DA749900}
	EndGlobalSection
EndGlobal
